
Microsoft Visual Studio Solution File, Format Version 12.00
# Visual Studio Version 17
VisualStudioVersion = 17.0.31912.275
MinimumVisualStudioVersion = 10.0.40219.1
Project("{FAE04EC0-301F-11D3-BF4B-00C04F79EFBC}") = "RestFulApiApp", "RestFulApiApp.csproj", "{7702EB14-1985-4154-A3F9-9DC32FEB4CA0}"
EndProject
Global
	GlobalSection(SolutionConfigurationPlatforms) = preSolution
		Debug|Any CPU = Debug|Any CPU
		Release|Any CPU = Release|Any CPU
	EndGlobalSection
	GlobalSection(ProjectConfigurationPlatforms) = postSolution
		{7702EB14-1985-4154-A3F9-9DC32FEB4CA0}.Debug|Any CPU.ActiveCfg = Debug|Any CPU
		{7702EB14-1985-4154-A3F9-9DC32FEB4CA0}.Debug|Any CPU.Build.0 = Debug|Any CPU
		{7702EB14-1985-4154-A3F9-9DC32FEB4CA0}.Release|Any CPU.ActiveCfg = Release|Any CPU
		{7702EB14-1985-4154-A3F9-9DC32FEB4CA0}.Release|Any CPU.Build.0 = Release|Any CPU
	EndGlobalSection
	GlobalSection(SolutionProperties) = preSolution
		HideSolutionNode = FALSE
	EndGlobalSection
	GlobalSection(ExtensibilityGlobals) = postSolution
		SolutionGuid = {90FEC0A5-C608-494E-8D99-9386B5D5CB67}
	EndGlobalSection
EndGlobal
